
Microsoft Visual Studio Solution File, Format Version 10.00
# Visual Basic Express 2008
Project("{F184B08F-C81C-45F6-A57F-5ABD9991F28F}") = "Błyskawica", "Błyskawica\Błyskawica.vbproj", "{461EEEF1-D4CE-44A7-A6B5-70AF27165E52}"
EndProject
Global
	GlobalSection(SolutionConfigurationPlatforms) = preSolution
		Debug|Any CPU = Debug|Any CPU
		Release|Any CPU = Release|Any CPU
	EndGlobalSection
	GlobalSection(ProjectConfigurationPlatforms) = postSolution
		{461EEEF1-D4CE-44A7-A6B5-70AF27165E52}.Debug|Any CPU.ActiveCfg = Debug|Any CPU
		{461EEEF1-D4CE-44A7-A6B5-70AF27165E52}.Debug|Any CPU.Build.0 = Debug|Any CPU
		{461EEEF1-D4CE-44A7-A6B5-70AF27165E52}.Release|Any CPU.ActiveCfg = Release|Any CPU
		{461EEEF1-D4CE-44A7-A6B5-70AF27165E52}.Release|Any CPU.Build.0 = Release|Any CPU
	EndGlobalSection
	GlobalSection(SolutionProperties) = preSolution
		HideSolutionNode = FALSE
	EndGlobalSection
EndGlobal
